
Microsoft Visual Studio Solution File, Format Version 12.00
# Visual Studio Version 17
VisualStudioVersion = 17.4.33213.308
MinimumVisualStudioVersion = 10.0.40219.1
Project("{FAE04EC0-301F-11D3-BF4B-00C04F79EFBC}") = "Libreria_EESA", "Libreria_EESA\Libreria_EESA.csproj", "{38E4D3C2-2D3A-45AE-B340-6AB4A586D367}"
EndProject
Global
	GlobalSection(SolutionConfigurationPlatforms) = preSolution
		Debug|Any CPU = Debug|Any CPU
		Release|Any CPU = Release|Any CPU
	EndGlobalSection
	GlobalSection(ProjectConfigurationPlatforms) = postSolution
		{38E4D3C2-2D3A-45AE-B340-6AB4A586D367}.Debug|Any CPU.ActiveCfg = Debug|Any CPU
		{38E4D3C2-2D3A-45AE-B340-6AB4A586D367}.Debug|Any CPU.Build.0 = Debug|Any CPU
		{38E4D3C2-2D3A-45AE-B340-6AB4A586D367}.Release|Any CPU.ActiveCfg = Release|Any CPU
		{38E4D3C2-2D3A-45AE-B340-6AB4A586D367}.Release|Any CPU.Build.0 = Release|Any CPU
	EndGlobalSection
	GlobalSection(SolutionProperties) = preSolution
		HideSolutionNode = FALSE
	EndGlobalSection
	GlobalSection(ExtensibilityGlobals) = postSolution
		SolutionGuid = {37A6E60E-6679-4B71-AE6E-14E1E1C77DD6}
	EndGlobalSection
EndGlobal
